PODS:
  - Alamofire (4.9.0)
  - SDWebImage (5.2.3):
    - SDWebImage/Core (= 5.2.3)
  - SDWebImage/Core (5.2.3)

DEPENDENCIES:
  - Alamofire
  - SDWebImage

SPEC REPOS:
  trunk:
    - Alamofire
    - SDWebImage

SPEC CHECKSUMS:
  Alamofire: afc3e7c6db61476cb45cdd23fed06bad03bbc321
  SDWebImage: 46a7f73228f84ce80990c786e4372cf4db5875ce

PODFILE CHECKSUM: 56d323ecbbd1bdd97cf95aeed32e83cd38ab2d80

COCOAPODS: 1.8.3
