// !$*UTF8*$!
{
	archiveVersion = 1;
	classes = {
	};
	objectVersion = 51;
	objects = {

/* Begin PBXBuildFile section */
		3224D8DE235791B100F4FBF0 /* CharacterListVC.swift in Sources */ = {isa = PBXBuildFile; fileRef = 3224D8DD235791B100F4FBF0 /* CharacterListVC.swift */; };
		3224D8E023579ACD00F4FBF0 /* LocationsResponse.swift in Sources */ = {isa = PBXBuildFile; fileRef = 3224D8DF23579ACD00F4FBF0 /* LocationsResponse.swift */; };
		3224D8E223579AF000F4FBF0 /* RMLocation.swift in Sources */ = {isa = PBXBuildFile; fileRef = 3224D8E123579AF000F4FBF0 /* RMLocation.swift */; };
		3224D8E423579B7400F4FBF0 /* RMEpisode.swift in Sources */ = {isa = PBXBuildFile; fileRef = 3224D8E323579B7400F4FBF0 /* RMEpisode.swift */; };
		3224D8E623579BE900F4FBF0 /* EpisodesResponse.swift in Sources */ = {isa = PBXBuildFile; fileRef = 3224D8E523579BE900F4FBF0 /* EpisodesResponse.swift */; };
		323465C6235787C8002C14F4 /* RestAPI.swift in Sources */ = {isa = PBXBuildFile; fileRef = 323465C5235787C8002C14F4 /* RestAPI.swift */; };
		323465C923578BA1002C14F4 /* CharactersResponse.swift in Sources */ = {isa = PBXBuildFile; fileRef = 323465C823578BA1002C14F4 /* CharactersResponse.swift */; };
		323465CB23578BE6002C14F4 /* Pagination.swift in Sources */ = {isa = PBXBuildFile; fileRef = 323465CA23578BE6002C14F4 /* Pagination.swift */; };
		323465CD23578CFA002C14F4 /* RMCharacter.swift in Sources */ = {isa = PBXBuildFile; fileRef = 323465CC23578CFA002C14F4 /* RMCharacter.swift */; };
		324AB3E023576B3600A8A961 /* AppDelegate.swift in Sources */ = {isa = PBXBuildFile; fileRef = 324AB3DF23576B3600A8A961 /* AppDelegate.swift */; };
		324AB3E723576B3600A8A961 /* Main.storyboard in Resources */ = {isa = PBXBuildFile; fileRef = 324AB3E523576B3600A8A961 /* Main.storyboard */; };
		324AB3E923576B3A00A8A961 /* Assets.xcassets in Resources */ = {isa = PBXBuildFile; fileRef = 324AB3E823576B3A00A8A961 /* Assets.xcassets */; };
		324AB3EC23576B3A00A8A961 /* LaunchScreen.storyboard in Resources */ = {isa = PBXBuildFile; fileRef = 324AB3EA23576B3A00A8A961 /* LaunchScreen.storyboard */; };
		3BC4326CF93419E5B334A3DA /* Pods_Rick_and_Morty_info.framework in Frameworks */ = {isa = PBXBuildFile; fileRef = BD3EA8A7423F42D08613E253 /* Pods_Rick_and_Morty_info.framework */; };
/* End PBXBuildFile section */

/* Begin PBXFileReference section */
		1CA635B118AD51ED098DB513 /* Pods-Rick and Morty info.release.xcconfig */ = {isa = PBXFileReference; includeInIndex = 1; lastKnownFileType = text.xcconfig; name = "Pods-Rick and Morty info.release.xcconfig"; path = "Target Support Files/Pods-Rick and Morty info/Pods-Rick and Morty info.release.xcconfig"; sourceTree = "<group>"; };
		28E4CDCF76297E7A2B2936B0 /* Pods-Rick and Morty info.debug.xcconfig */ = {isa = PBXFileReference; includeInIndex = 1; lastKnownFileType = text.xcconfig; name = "Pods-Rick and Morty info.debug.xcconfig"; path = "Target Support Files/Pods-Rick and Morty info/Pods-Rick and Morty info.debug.xcconfig"; sourceTree = "<group>"; };
		3224D8DD235791B100F4FBF0 /* CharacterListVC.swift */ = {isa = PBXFileReference; lastKnownFileType = sourcecode.swift; path = CharacterListVC.swift; sourceTree = "<group>"; };
		3224D8DF23579ACD00F4FBF0 /* LocationsResponse.swift */ = {isa = PBXFileReference; lastKnownFileType = sourcecode.swift; path = LocationsResponse.swift; sourceTree = "<group>"; };
		3224D8E123579AF000F4FBF0 /* RMLocation.swift */ = {isa = PBXFileReference; lastKnownFileType = sourcecode.swift; path = RMLocation.swift; sourceTree = "<group>"; };
		3224D8E323579B7400F4FBF0 /* RMEpisode.swift */ = {isa = PBXFileReference; lastKnownFileType = sourcecode.swift; path = RMEpisode.swift; sourceTree = "<group>"; };
		3224D8E523579BE900F4FBF0 /* EpisodesResponse.swift */ = {isa = PBXFileReference; lastKnownFileType = sourcecode.swift; path = EpisodesResponse.swift; sourceTree = "<group>"; };
		323465C5235787C8002C14F4 /* RestAPI.swift */ = {isa = PBXFileReference; lastKnownFileType = sourcecode.swift; path = RestAPI.swift; sourceTree = "<group>"; };
		323465C823578BA1002C14F4 /* CharactersResponse.swift */ = {isa = PBXFileReference; lastKnownFileType = sourcecode.swift; path = CharactersResponse.swift; sourceTree = "<group>"; };
		323465CA23578BE6002C14F4 /* Pagination.swift */ = {isa = PBXFileReference; lastKnownFileType = sourcecode.swift; path = Pagination.swift; sourceTree = "<group>"; };
		323465CC23578CFA002C14F4 /* RMCharacter.swift */ = {isa = PBXFileReference; lastKnownFileType = sourcecode.swift; path = RMCharacter.swift; sourceTree = "<group>"; };
		324AB3DC23576B3600A8A961 /* Rick and Morty info.app */ = {isa = PBXFileReference; explicitFileType = wrapper.application; includeInIndex = 0; path = "Rick and Morty info.app"; sourceTree = BUILT_PRODUCTS_DIR; };
		324AB3DF23576B3600A8A961 /* AppDelegate.swift */ = {isa = PBXFileReference; lastKnownFileType = sourcecode.swift; path = AppDelegate.swift; sourceTree = "<group>"; };
		324AB3E623576B3600A8A961 /* Base */ = {isa = PBXFileReference; lastKnownFileType = file.storyboard; name = Base; path = Base.lproj/Main.storyboard; sourceTree = "<group>"; };
		324AB3E823576B3A00A8A961 /* Assets.xcassets */ = {isa = PBXFileReference; lastKnownFileType = folder.assetcatalog; path = Assets.xcassets; sourceTree = "<group>"; };
		324AB3EB23576B3A00A8A961 /* Base */ = {isa = PBXFileReference; lastKnownFileType = file.storyboard; name = Base; path = Base.lproj/LaunchScreen.storyboard; sourceTree = "<group>"; };
		324AB3ED23576B3A00A8A961 /* Info.plist */ = {isa = PBXFileReference; lastKnownFileType = text.plist.xml; path = Info.plist; sourceTree = "<group>"; };
		BD3EA8A7423F42D08613E253 /* Pods_Rick_and_Morty_info.framework */ = {isa = PBXFileReference; explicitFileType = wrapper.framework; includeInIndex = 0; path = Pods_Rick_and_Morty_info.framework; sourceTree = BUILT_PRODUCTS_DIR; };
/* End PBXFileReference section */

/* Begin PBXFrameworksBuildPhase section */
		324AB3D923576B3600A8A961 /* Frameworks */ = {
			isa = PBXFrameworksBuildPhase;
			buildActionMask = 2147483647;
			files = (
				3BC4326CF93419E5B334A3DA /* Pods_Rick_and_Morty_info.framework in Frameworks */,
			);
			runOnlyForDeploymentPostprocessing = 0;
		};
/* End PBXFrameworksBuildPhase section */

/* Begin PBXGroup section */
		3224D8DB2357916000F4FBF0 /* Features */ = {
			isa = PBXGroup;
			children = (
				3224D8DC2357917100F4FBF0 /* Characters */,
			);
			path = Features;
			sourceTree = "<group>";
		};
		3224D8DC2357917100F4FBF0 /* Characters */ = {
			isa = PBXGroup;
			children = (
				3224D8DD235791B100F4FBF0 /* CharacterListVC.swift */,
			);
			path = Characters;
			sourceTree = "<group>";
		};
		323465C4235782BD002C14F4 /* Networking */ = {
			isa = PBXGroup;
			children = (
				323465C723578B90002C14F4 /* Models */,
				323465C5235787C8002C14F4 /* RestAPI.swift */,
			);
			path = Networking;
			sourceTree = "<group>";
		};
		323465C723578B90002C14F4 /* Models */ = {
			isa = PBXGroup;
			children = (
				323465C823578BA1002C14F4 /* CharactersResponse.swift */,
				3224D8DF23579ACD00F4FBF0 /* LocationsResponse.swift */,
				3224D8E523579BE900F4FBF0 /* EpisodesResponse.swift */,
				323465CA23578BE6002C14F4 /* Pagination.swift */,
				323465CC23578CFA002C14F4 /* RMCharacter.swift */,
				3224D8E123579AF000F4FBF0 /* RMLocation.swift */,
				3224D8E323579B7400F4FBF0 /* RMEpisode.swift */,
			);
			path = Models;
			sourceTree = "<group>";
		};
		324AB3D323576B3600A8A961 = {
			isa = PBXGroup;
			children = (
				324AB3DE23576B3600A8A961 /* Rick and Morty info */,
				324AB3DD23576B3600A8A961 /* Products */,
				7A1417D15EC7026CD076FAE1 /* Pods */,
				DCCBD9B497D32E747C35A4BC /* Frameworks */,
			);
			sourceTree = "<group>";
		};
		324AB3DD23576B3600A8A961 /* Products */ = {
			isa = PBXGroup;
			children = (
				324AB3DC23576B3600A8A961 /* Rick and Morty info.app */,
			);
			name = Products;
			sourceTree = "<group>";
		};
		324AB3DE23576B3600A8A961 /* Rick and Morty info */ = {
			isa = PBXGroup;
			children = (
				323465C4235782BD002C14F4 /* Networking */,
				3224D8DB2357916000F4FBF0 /* Features */,
				324AB3DF23576B3600A8A961 /* AppDelegate.swift */,
				324AB3E523576B3600A8A961 /* Main.storyboard */,
				324AB3E823576B3A00A8A961 /* Assets.xcassets */,
				324AB3EA23576B3A00A8A961 /* LaunchScreen.storyboard */,
				324AB3ED23576B3A00A8A961 /* Info.plist */,
			);
			path = "Rick and Morty info";
			sourceTree = "<group>";
		};
		7A1417D15EC7026CD076FAE1 /* Pods */ = {
			isa = PBXGroup;
			children = (
				28E4CDCF76297E7A2B2936B0 /* Pods-Rick and Morty info.debug.xcconfig */,
				1CA635B118AD51ED098DB513 /* Pods-Rick and Morty info.release.xcconfig */,
			);
			path = Pods;
			sourceTree = "<group>";
		};
		DCCBD9B497D32E747C35A4BC /* Frameworks */ = {
			isa = PBXGroup;
			children = (
				BD3EA8A7423F42D08613E253 /* Pods_Rick_and_Morty_info.framework */,
			);
			name = Frameworks;
			sourceTree = "<group>";
		};
/* End PBXGroup section */

/* Begin PBXNativeTarget section */
		324AB3DB23576B3600A8A961 /* Rick and Morty info */ = {
			isa = PBXNativeTarget;
			buildConfigurationList = 324AB3F023576B3A00A8A961 /* Build configuration list for PBXNativeTarget "Rick and Morty info" */;
			buildPhases = (
				D4697C06AE3585E20EAC6EC2 /* [CP] Check Pods Manifest.lock */,
				324AB3D823576B3600A8A961 /* Sources */,
				324AB3D923576B3600A8A961 /* Frameworks */,
				324AB3DA23576B3600A8A961 /* Resources */,
				7D41892D17929690F9B5B57C /* [CP] Embed Pods Frameworks */,
			);
			buildRules = (
			);
			dependencies = (
			);
			name = "Rick and Morty info";
			productName = "Rick and Morty info";
			productReference = 324AB3DC23576B3600A8A961 /* Rick and Morty info.app */;
			productType = "com.apple.product-type.application";
		};
/* End PBXNativeTarget section */

/* Begin PBXProject section */
		324AB3D423576B3600A8A961 /* Project object */ = {
			isa = PBXProject;
			attributes = {
				LastSwiftUpdateCheck = 1100;
				LastUpgradeCheck = 1100;
				ORGANIZATIONNAME = MG;
				TargetAttributes = {
					324AB3DB23576B3600A8A961 = {
						CreatedOnToolsVersion = 11.0;
					};
				};
			};
			buildConfigurationList = 324AB3D723576B3600A8A961 /* Build configuration list for PBXProject "Rick and Morty info" */;
			compatibilityVersion = "Xcode 9.3";
			developmentRegion = en;
			hasScannedForEncodings = 0;
			knownRegions = (
				en,
				Base,
			);
			mainGroup = 324AB3D323576B3600A8A961;
			productRefGroup = 324AB3DD23576B3600A8A961 /* Products */;
			projectDirPath = "";
			projectRoot = "";
			targets = (
				324AB3DB23576B3600A8A961 /* Rick and Morty info */,
			);
		};
/* End PBXProject section */

/* Begin PBXResourcesBuildPhase section */
		324AB3DA23576B3600A8A961 /* Resources */ = {
			isa = PBXResourcesBuildPhase;
			buildActionMask = 2147483647;
			files = (
				324AB3EC23576B3A00A8A961 /* LaunchScreen.storyboard in Resources */,
				324AB3E923576B3A00A8A961 /* Assets.xcassets in Resources */,
				324AB3E723576B3600A8A961 /* Main.storyboard in Resources */,
			);
			runOnlyForDeploymentPostprocessing = 0;
		};
/* End PBXResourcesBuildPhase section */

/* Begin PBXShellScriptBuildPhase section */
		7D41892D17929690F9B5B57C /* [CP] Embed Pods Frameworks */ = {
			isa = PBXShellScriptBuildPhase;
			buildActionMask = 2147483647;
			files = (
			);
			inputFileListPaths = (
				"${PODS_ROOT}/Target Support Files/Pods-Rick and Morty info/Pods-Rick and Morty info-frameworks-${CONFIGURATION}-input-files.xcfilelist",
			);
			name = "[CP] Embed Pods Frameworks";
			outputFileListPaths = (
				"${PODS_ROOT}/Target Support Files/Pods-Rick and Morty info/Pods-Rick and Morty info-frameworks-${CONFIGURATION}-output-files.xcfilelist",
			);
			runOnlyForDeploymentPostprocessing = 0;
			shellPath = /bin/sh;
			shellScript = "\"${PODS_ROOT}/Target Support Files/Pods-Rick and Morty info/Pods-Rick and Morty info-frameworks.sh\"\n";
			showEnvVarsInLog = 0;
		};
		D4697C06AE3585E20EAC6EC2 /* [CP] Check Pods Manifest.lock */ = {
			isa = PBXShellScriptBuildPhase;
			buildActionMask = 2147483647;
			files = (
			);
			inputFileListPaths = (
			);
			inputPaths = (
				"${PODS_PODFILE_DIR_PATH}/Podfile.lock",
				"${PODS_ROOT}/Manifest.lock",
			);
			name = "[CP] Check Pods Manifest.lock";
			outputFileListPaths = (
			);
			outputPaths = (
				"$(DERIVED_FILE_DIR)/Pods-Rick and Morty info-checkManifestLockResult.txt",
			);
			runOnlyForDeploymentPostprocessing = 0;
			shellPath = /bin/sh;
			shellScript = "diff \"${PODS_PODFILE_DIR_PATH}/Podfile.lock\" \"${PODS_ROOT}/Manifest.lock\" > /dev/null\nif [ $? != 0 ] ; then\n    # print error to STDERR\n    echo \"error: The sandbox is not in sync with the Podfile.lock. Run 'pod install' or update your CocoaPods installation.\" >&2\n    exit 1\nfi\n# This output is used by Xcode 'outputs' to avoid re-running this script phase.\necho \"SUCCESS\" > \"${SCRIPT_OUTPUT_FILE_0}\"\n";
			showEnvVarsInLog = 0;
		};
/* End PBXShellScriptBuildPhase section */

/* Begin PBXSourcesBuildPhase section */
		324AB3D823576B3600A8A961 /* Sources */ = {
			isa = PBXSourcesBuildPhase;
			buildActionMask = 2147483647;
			files = (
				3224D8DE235791B100F4FBF0 /* CharacterListVC.swift in Sources */,
				323465C6235787C8002C14F4 /* RestAPI.swift in Sources */,
				323465CB23578BE6002C14F4 /* Pagination.swift in Sources */,
				3224D8E423579B7400F4FBF0 /* RMEpisode.swift in Sources */,
				3224D8E223579AF000F4FBF0 /* RMLocation.swift in Sources */,
				323465CD23578CFA002C14F4 /* RMCharacter.swift in Sources */,
				323465C923578BA1002C14F4 /* CharactersResponse.swift in Sources */,
				324AB3E023576B3600A8A961 /* AppDelegate.swift in Sources */,
				3224D8E623579BE900F4FBF0 /* EpisodesResponse.swift in Sources */,
				3224D8E023579ACD00F4FBF0 /* LocationsResponse.swift in Sources */,
			);
			runOnlyForDeploymentPostprocessing = 0;
		};
/* End PBXSourcesBuildPhase section */

/* Begin PBXVariantGroup section */
		324AB3E523576B3600A8A961 /* Main.storyboard */ = {
			isa = PBXVariantGroup;
			children = (
				324AB3E623576B3600A8A961 /* Base */,
			);
			name = Main.storyboard;
			sourceTree = "<group>";
		};
		324AB3EA23576B3A00A8A961 /* LaunchScreen.storyboard */ = {
			isa = PBXVariantGroup;
			children = (
				324AB3EB23576B3A00A8A961 /* Base */,
			);
			name = LaunchScreen.storyboard;
			sourceTree = "<group>";
		};
/* End PBXVariantGroup section */

/* Begin XCBuildConfiguration section */
		324AB3EE23576B3A00A8A961 /* Debug */ = {
			isa = XCBuildConfiguration;
			buildSettings = {
				ALWAYS_SEARCH_USER_PATHS = NO;
				CLANG_ANALYZER_NONNULL = YES;
				CLANG_ANALYZER_NUMBER_OBJECT_CONVERSION = YES_AGGRESSIVE;
				CLANG_CXX_LANGUAGE_STANDARD = "gnu++14";
				CLANG_CXX_LIBRARY = "libc++";
				CLANG_ENABLE_MODULES = YES;
				CLANG_ENABLE_OBJC_ARC = YES;
				CLANG_ENABLE_OBJC_WEAK = YES;
				CLANG_WARN_BLOCK_CAPTURE_AUTORELEASING = YES;
				CLANG_WARN_BOOL_CONVERSION = YES;
				CLANG_WARN_COMMA = YES;
				CLANG_WARN_CONSTANT_CONVERSION = YES;
				CLANG_WARN_DEPRECATED_OBJC_IMPLEMENTATIONS = YES;
				CLANG_WARN_DIRECT_OBJC_ISA_USAGE = YES_ERROR;
				CLANG_WARN_DOCUMENTATION_COMMENTS = YES;
				CLANG_WARN_EMPTY_BODY = YES;
				CLANG_WARN_ENUM_CONVERSION = YES;
				CLANG_WARN_INFINITE_RECURSION = YES;
				CLANG_WARN_INT_CONVERSION = YES;
				CLANG_WARN_NON_LITERAL_NULL_CONVERSION = YES;
				CLANG_WARN_OBJC_IMPLICIT_RETAIN_SELF = YES;
				CLANG_WARN_OBJC_LITERAL_CONVERSION = YES;
				CLANG_WARN_OBJC_ROOT_CLASS = YES_ERROR;
				CLANG_WARN_RANGE_LOOP_ANALYSIS = YES;
				CLANG_WARN_STRICT_PROTOTYPES = YES;
				CLANG_WARN_SUSPICIOUS_MOVE = YES;
				CLANG_WARN_UNGUARDED_AVAILABILITY = YES_AGGRESSIVE;
				CLANG_WARN_UNREACHABLE_CODE = YES;
				CLANG_WARN__DUPLICATE_METHOD_MATCH = YES;
				COPY_PHASE_STRIP = NO;
				DEBUG_INFORMATION_FORMAT = dwarf;
				ENABLE_STRICT_OBJC_MSGSEND = YES;
				ENABLE_TESTABILITY = YES;
				GCC_C_LANGUAGE_STANDARD = gnu11;
				GCC_DYNAMIC_NO_PIC = NO;
				GCC_NO_COMMON_BLOCKS = YES;
				GCC_OPTIMIZATION_LEVEL = 0;
				GCC_PREPROCESSOR_DEFINITIONS = (
					"DEBUG=1",
					"$(inherited)",
				);
				GCC_WARN_64_TO_32_BIT_CONVERSION = YES;
				GCC_WARN_ABOUT_RETURN_TYPE = YES_ERROR;
				GCC_WARN_UNDECLARED_SELECTOR = YES;
				GCC_WARN_UNINITIALIZED_AUTOS = YES_AGGRESSIVE;
				GCC_WARN_UNUSED_FUNCTION = YES;
				GCC_WARN_UNUSED_VARIABLE = YES;
				IPHONEOS_DEPLOYMENT_TARGET = 13.0;
				MTL_ENABLE_DEBUG_INFO = INCLUDE_SOURCE;
				MTL_FAST_MATH = YES;
				ONLY_ACTIVE_ARCH = YES;
				SDKROOT = iphoneos;
				SWIFT_ACTIVE_COMPILATION_CONDITIONS = DEBUG;
				SWIFT_OPTIMIZATION_LEVEL = "-Onone";
			};
			name = Debug;
		};
		324AB3EF23576B3A00A8A961 /* Release */ = {
			isa = XCBuildConfiguration;
			buildSettings = {
				ALWAYS_SEARCH_USER_PATHS = NO;
				CLANG_ANALYZER_NONNULL = YES;
				CLANG_ANALYZER_NUMBER_OBJECT_CONVERSION = YES_AGGRESSIVE;
				CLANG_CXX_LANGUAGE_STANDARD = "gnu++14";
				CLANG_CXX_LIBRARY = "libc++";
				CLANG_ENABLE_MODULES = YES;
				CLANG_ENABLE_OBJC_ARC = YES;
				CLANG_ENABLE_OBJC_WEAK = YES;
				CLANG_WARN_BLOCK_CAPTURE_AUTORELEASING = YES;
				CLANG_WARN_BOOL_CONVERSION = YES;
				CLANG_WARN_COMMA = YES;
				CLANG_WARN_CONSTANT_CONVERSION = YES;
				CLANG_WARN_DEPRECATED_OBJC_IMPLEMENTATIONS = YES;
				CLANG_WARN_DIRECT_OBJC_ISA_USAGE = YES_ERROR;
				CLANG_WARN_DOCUMENTATION_COMMENTS = YES;
				CLANG_WARN_EMPTY_BODY = YES;
				CLANG_WARN_ENUM_CONVERSION = YES;
				CLANG_WARN_INFINITE_RECURSION = YES;
				CLANG_WARN_INT_CONVERSION = YES;
				CLANG_WARN_NON_LITERAL_NULL_CONVERSION = YES;
				CLANG_WARN_OBJC_IMPLICIT_RETAIN_SELF = YES;
				CLANG_WARN_OBJC_LITERAL_CONVERSION = YES;
				CLANG_WARN_OBJC_ROOT_CLASS = YES_ERROR;
				CLANG_WARN_RANGE_LOOP_ANALYSIS = YES;
				CLANG_WARN_STRICT_PROTOTYPES = YES;
				CLANG_WARN_SUSPICIOUS_MOVE = YES;
				CLANG_WARN_UNGUARDED_AVAILABILITY = YES_AGGRESSIVE;
				CLANG_WARN_UNREACHABLE_CODE = YES;
				CLANG_WARN__DUPLICATE_METHOD_MATCH = YES;
				COPY_PHASE_STRIP = NO;
				DEBUG_INFORMATION_FORMAT = "dwarf-with-dsym";
				ENABLE_NS_ASSERTIONS = NO;
				ENABLE_STRICT_OBJC_MSGSEND = YES;
				GCC_C_LANGUAGE_STANDARD = gnu11;
				GCC_NO_COMMON_BLOCKS = YES;
				GCC_WARN_64_TO_32_BIT_CONVERSION = YES;
				GCC_WARN_ABOUT_RETURN_TYPE = YES_ERROR;
				GCC_WARN_UNDECLARED_SELECTOR = YES;
				GCC_WARN_UNINITIALIZED_AUTOS = YES_AGGRESSIVE;
				GCC_WARN_UNUSED_FUNCTION = YES;
				GCC_WARN_UNUSED_VARIABLE = YES;
				IPHONEOS_DEPLOYMENT_TARGET = 13.0;
				MTL_ENABLE_DEBUG_INFO = NO;
				MTL_FAST_MATH = YES;
				SDKROOT = iphoneos;
				SWIFT_COMPILATION_MODE = wholemodule;
				SWIFT_OPTIMIZATION_LEVEL = "-O";
				VALIDATE_PRODUCT = YES;
			};
			name = Release;
		};
		324AB3F123576B3A00A8A961 /* Debug */ = {
			isa = XCBuildConfiguration;
			baseConfigurationReference = 28E4CDCF76297E7A2B2936B0 /* Pods-Rick and Morty info.debug.xcconfig */;
			buildSettings = {
				ASSETCATALOG_COMPILER_APPICON_NAME = AppIcon;
				CODE_SIGN_STYLE = Automatic;
				INFOPLIST_FILE = "Rick and Morty info/Info.plist";
				IPHONEOS_DEPLOYMENT_TARGET = 12.0;
				LD_RUNPATH_SEARCH_PATHS = (
					"$(inherited)",
					"@executable_path/Frameworks",
				);
				PRODUCT_BUNDLE_IDENTIFIER = "sk.mg.Rick-and-Morty-info";
				PRODUCT_NAME = "$(TARGET_NAME)";
				SWIFT_VERSION = 5.0;
				TARGETED_DEVICE_FAMILY = 1;
			};
			name = Debug;
		};
		324AB3F223576B3A00A8A961 /* Release */ = {
			isa = XCBuildConfiguration;
			baseConfigurationReference = 1CA635B118AD51ED098DB513 /* Pods-Rick and Morty info.release.xcconfig */;
			buildSettings = {
				ASSETCATALOG_COMPILER_APPICON_NAME = AppIcon;
				CODE_SIGN_STYLE = Automatic;
				INFOPLIST_FILE = "Rick and Morty info/Info.plist";
				IPHONEOS_DEPLOYMENT_TARGET = 12.0;
				LD_RUNPATH_SEARCH_PATHS = (
					"$(inherited)",
					"@executable_path/Frameworks",
				);
				PRODUCT_BUNDLE_IDENTIFIER = "sk.mg.Rick-and-Morty-info";
				PRODUCT_NAME = "$(TARGET_NAME)";
				SWIFT_VERSION = 5.0;
				TARGETED_DEVICE_FAMILY = 1;
			};
			name = Release;
		};
/* End XCBuildConfiguration section */

/* Begin XCConfigurationList section */
		324AB3D723576B3600A8A961 /* Build configuration list for PBXProject "Rick and Morty info" */ = {
			isa = XCConfigurationList;
			buildConfigurations = (
				324AB3EE23576B3A00A8A961 /* Debug */,
				324AB3EF23576B3A00A8A961 /* Release */,
			);
			defaultConfigurationIsVisible = 0;
			defaultConfigurationName = Release;
		};
		324AB3F023576B3A00A8A961 /* Build configuration list for PBXNativeTarget "Rick and Morty info" */ = {
			isa = XCConfigurationList;
			buildConfigurations = (
				324AB3F123576B3A00A8A961 /* Debug */,
				324AB3F223576B3A00A8A961 /* Release */,
			);
			defaultConfigurationIsVisible = 0;
			defaultConfigurationName = Release;
		};
/* End XCConfigurationList section */
	};
	rootObject = 324AB3D423576B3600A8A961 /* Project object */;
}
